<?xml version="1.0" encoding="utf-8"?>
<Project ToolsVersion="12.0" xmlns="http://schemas.microsoft.com/developer/msbuild/2003">
  <ItemGroup>
    <ClInclude Include="$(MSBuildThisFileDirectory)Direct2DManager.h" />
    <ClInclude Include="$(MSBuildThisFileDirectory)AnimationBehavior.h" />
    <ClInclude Include="$(MSBuildThisFileDirectory)pch.h" />
    <ClInclude Include="$(MSBuildThisFileDirectory)GifImageSource.h" />
    <ClInclude Include="$(MSBuildThisFileDirectory)Utilities.h" />
    <ClInclude Include="$(MSBuildThisFileDirectory)AutoResetEvent.h" />
    <ClInclude Include="$(MSBuildThisFileDirectory)FrameRenderFactory.h" />
  </ItemGroup>
  <ItemGroup>
    <ClCompile Include="$(MSBuildThisFileDirectory)Direct2DManager.cpp" />
    <ClCompile Include="$(MSBuildThisFileDirectory)AnimationBehavior.cpp" />
    <ClCompile Include="$(MSBuildThisFileDirectory)pch.cpp">
      <PrecompiledHeader>Create</PrecompiledHeader>
    </ClCompile>
    <ClCompile Include="$(MSBuildThisFileDirectory)GifImageSource.cpp" />
    <ClCompile Include="$(MSBuildThisFileDirectory)AutoResetEvent.cpp" />
    <ClCompile Include="$(MSBuildThisFileDirectory)FrameRenderFactory.cpp" />
  </ItemGroup>
</Project>