<?xml version="1.0" encoding="utf-8"?>
<Project ToolsVersion="12.0" xmlns="http://schemas.microsoft.com/developer/msbuild/2003">
  <ItemGroup>
    <ClInclude Include="$(MSBuildThisFileDirectory)Direct2DManager.h" />
    <ClInclude Include="$(MSBuildThisFileDirectory)AnimationBehavior.h" />
    <ClInclude Include="$(MSBuildThisFileDirectory)pch.h" />
    <ClInclude Include="$(MSBuildThisFileDirectory)GifImageSource.h" />
    <ClInclude Include="$(MSBuildThisFileDirectory)Utilities.h" />
    <ClInclude Include="$(MSBuildThisFileDirectory)Effect.h" />
    <ClInclude Include="$(MSBuildThisFileDirectory)Vector2.h">
      <Filter>Effects</Filter>
    </ClInclude>
    <ClInclude Include="$(MSBuildThisFileDirectory)IEffectDescription.h">
      <Filter>Effects</Filter>
    </ClInclude>
    <ClInclude Include="$(MSBuildThisFileDirectory)EffectParameterValue.h">
      <Filter>Effects</Filter>
    </ClInclude>
    <ClInclude Include="$(MSBuildThisFileDirectory)GaussianBlurEffectDescription.h">
      <Filter>Effects\Descriptions</Filter>
    </ClInclude>
    <ClInclude Include="$(MSBuildThisFileDirectory)BrightnessEffectDescription.h">
      <Filter>Effects\Descriptions</Filter>
    </ClInclude>
    <ClInclude Include="$(MSBuildThisFileDirectory)HueEffectDescription.h">
      <Filter>Effects\Descriptions</Filter>
    </ClInclude>
    <ClInclude Include="$(MSBuildThisFileDirectory)SaturationEffectDescription.h">
      <Filter>Effects\Descriptions</Filter>
    </ClInclude>
    <ClInclude Include="$(MSBuildThisFileDirectory)ColorMatrixEffectDescription.h">
      <Filter>Effects\Descriptions</Filter>
    </ClInclude>
    <ClInclude Include="$(MSBuildThisFileDirectory)ConvolveMatrixEffectDescription.h">
      <Filter>Effects\Descriptions</Filter>
    </ClInclude>
    <ClInclude Include="$(MSBuildThisFileDirectory)EffectGuid.h" />
    <ClInclude Include="$(MSBuildThisFileDirectory)Vector4F.h">
      <Filter>Effects</Filter>
    </ClInclude>
  </ItemGroup>
  <ItemGroup>
    <ClCompile Include="$(MSBuildThisFileDirectory)Direct2DManager.cpp" />
    <ClCompile Include="$(MSBuildThisFileDirectory)AnimationBehavior.cpp" />
    <ClCompile Include="$(MSBuildThisFileDirectory)pch.cpp">
      <PrecompiledHeader>Create</PrecompiledHeader>
    </ClCompile>
    <ClCompile Include="$(MSBuildThisFileDirectory)GifImageSource.cpp" />
    <ClCompile Include="$(MSBuildThisFileDirectory)Effect.cpp" />
    <ClCompile Include="$(MSBuildThisFileDirectory)EffectParameterValue.cpp">
      <Filter>Effects</Filter>
    </ClCompile>
    <ClCompile Include="$(MSBuildThisFileDirectory)GaussianBlurEffectDescription.cpp">
      <Filter>Effects\Descriptions</Filter>
    </ClCompile>
    <ClCompile Include="$(MSBuildThisFileDirectory)BrightnessEffectDescription.cpp">
      <Filter>Effects\Descriptions</Filter>
    </ClCompile>
    <ClCompile Include="$(MSBuildThisFileDirectory)HueEffectDescription.cpp">
      <Filter>Effects\Descriptions</Filter>
    </ClCompile>
    <ClCompile Include="$(MSBuildThisFileDirectory)SaturationEffectDescription.cpp">
      <Filter>Effects\Descriptions</Filter>
    </ClCompile>
    <ClCompile Include="$(MSBuildThisFileDirectory)ColorMatrixEffectDescription.cpp">
      <Filter>Effects\Descriptions</Filter>
    </ClCompile>
    <ClCompile Include="$(MSBuildThisFileDirectory)ConvolveMatrixEffectDescription.cpp">
      <Filter>Effects\Descriptions</Filter>
    </ClCompile>
    <ClCompile Include="$(MSBuildThisFileDirectory)EffectGuid.cpp" />
  </ItemGroup>
  <ItemGroup>
    <Filter Include="Effects">
      <UniqueIdentifier>{43220d49-fac8-4f5a-b8b6-a31569d1399b}</UniqueIdentifier>
    </Filter>
    <Filter Include="Effects\Descriptions">
      <UniqueIdentifier>{f5f85f8e-5bf8-4bf6-872b-8dc85dfb222e}</UniqueIdentifier>
    </Filter>
  </ItemGroup>
</Project>